// !$*UTF8*$!
{
	archiveVersion = 1;
	classes = {
	};
	objectVersion = 50;
	objects = {

/* Begin PBXBuildFile section */
		080D0BD7213566C900AA519A /* SRGIdentityService.m in Sources */ = {isa = PBXBuildFile; fileRef = 080D0BD5213566C900AA519A /* SRGIdentityService.m */; };
		080D0BD8213566C900AA519A /* SRGIdentityService.h in Headers */ = {isa = PBXBuildFile; fileRef = 080D0BD6213566C900AA519A /* SRGIdentityService.h */; settings = {ATTRIBUTES = (Public, ); }; };
		080D0BDA21356A1200AA519A /* UICKeyChainStore.framework in Frameworks */ = {isa = PBXBuildFile; fileRef = 080D0BD921356A1200AA519A /* UICKeyChainStore.framework */; };
		080D0BE221356CB600AA519A /* libextobjc.framework in Frameworks */ = {isa = PBXBuildFile; fileRef = 080D0BE021356CB500AA519A /* libextobjc.framework */; };
		080D0BE321356CB600AA519A /* MAKVONotificationCenter.framework in Frameworks */ = {isa = PBXBuildFile; fileRef = 080D0BE121356CB500AA519A /* MAKVONotificationCenter.framework */; };
		080D0BE52135776000AA519A /* Mantle.framework in Frameworks */ = {isa = PBXBuildFile; fileRef = 080D0BE42135776000AA519A /* Mantle.framework */; };
		080D0BE621359E4800AA519A /* Mantle.framework in Frameworks */ = {isa = PBXBuildFile; fileRef = 080D0BE42135776000AA519A /* Mantle.framework */; };
		080D0BE721359E4800AA519A /* Mantle.framework in Embed Frameworks */ = {isa = PBXBuildFile; fileRef = 080D0BE42135776000AA519A /* Mantle.framework */; settings = {ATTRIBUTES = (CodeSignOnCopy, RemoveHeadersOnCopy, ); }; };
		080D0BE821359E4800AA519A /* libextobjc.framework in Frameworks */ = {isa = PBXBuildFile; fileRef = 080D0BE021356CB500AA519A /* libextobjc.framework */; };
		080D0BE921359E4800AA519A /* libextobjc.framework in Embed Frameworks */ = {isa = PBXBuildFile; fileRef = 080D0BE021356CB500AA519A /* libextobjc.framework */; settings = {ATTRIBUTES = (CodeSignOnCopy, RemoveHeadersOnCopy, ); }; };
		080D0BEA21359E4800AA519A /* MAKVONotificationCenter.framework in Frameworks */ = {isa = PBXBuildFile; fileRef = 080D0BE121356CB500AA519A /* MAKVONotificationCenter.framework */; };
		080D0BEB21359E4800AA519A /* MAKVONotificationCenter.framework in Embed Frameworks */ = {isa = PBXBuildFile; fileRef = 080D0BE121356CB500AA519A /* MAKVONotificationCenter.framework */; settings = {ATTRIBUTES = (CodeSignOnCopy, RemoveHeadersOnCopy, ); }; };
		080D0BEC21359E4800AA519A /* UICKeyChainStore.framework in Frameworks */ = {isa = PBXBuildFile; fileRef = 080D0BD921356A1200AA519A /* UICKeyChainStore.framework */; };
		080D0BED21359E4800AA519A /* UICKeyChainStore.framework in Embed Frameworks */ = {isa = PBXBuildFile; fileRef = 080D0BD921356A1200AA519A /* UICKeyChainStore.framework */; settings = {ATTRIBUTES = (CodeSignOnCopy, RemoveHeadersOnCopy, ); }; };
		0829FA7C2136853C00FE0A28 /* SRGAccount.h in Headers */ = {isa = PBXBuildFile; fileRef = 0829FA752136853C00FE0A28 /* SRGAccount.h */; settings = {ATTRIBUTES = (Public, ); }; };
		0829FA7D2136853C00FE0A28 /* SRGAccount.m in Sources */ = {isa = PBXBuildFile; fileRef = 0829FA762136853C00FE0A28 /* SRGAccount.m */; };
		0829FA7E2136853C00FE0A28 /* SRGIdentity.h in Headers */ = {isa = PBXBuildFile; fileRef = 0829FA772136853C00FE0A28 /* SRGIdentity.h */; settings = {ATTRIBUTES = (Public, ); }; };
		0829FA7F2136853C00FE0A28 /* SRGIdentity.m in Sources */ = {isa = PBXBuildFile; fileRef = 0829FA782136853C00FE0A28 /* SRGIdentity.m */; };
		0829FA802136853C00FE0A28 /* NSBundle+SRGIdentity.h in Headers */ = {isa = PBXBuildFile; fileRef = 0829FA7A2136853C00FE0A28 /* NSBundle+SRGIdentity.h */; };
		0829FA812136853C00FE0A28 /* NSBundle+SRGIdentity.m in Sources */ = {isa = PBXBuildFile; fileRef = 0829FA7B2136853C00FE0A28 /* NSBundle+SRGIdentity.m */; };
		0829FA87213686DE00FE0A28 /* SRGIdentityLoginView.h in Headers */ = {isa = PBXBuildFile; fileRef = 0829FA85213686DE00FE0A28 /* SRGIdentityLoginView.h */; settings = {ATTRIBUTES = (Public, ); }; };
		0829FA88213686DE00FE0A28 /* SRGIdentityLoginView.m in Sources */ = {isa = PBXBuildFile; fileRef = 0829FA86213686DE00FE0A28 /* SRGIdentityLoginView.m */; };
		086FB2CB21368ADE00DE4CF2 /* WebKit.framework in Frameworks */ = {isa = PBXBuildFile; fileRef = 086FB2CA21368ADE00DE4CF2 /* WebKit.framework */; };
		086FB2CC21368B5400DE4CF2 /* SRGIdentityLoginView.xib in Resources */ = {isa = PBXBuildFile; fileRef = 0829FA83213686BA00FE0A28 /* SRGIdentityLoginView.xib */; };
		086FB2D221368E4200DE4CF2 /* LoginViewController.storyboard in Resources */ = {isa = PBXBuildFile; fileRef = 086FB2CF21368E4200DE4CF2 /* LoginViewController.storyboard */; };
		086FB2D321368E4200DE4CF2 /* LoginViewController.m in Sources */ = {isa = PBXBuildFile; fileRef = 086FB2D021368E4200DE4CF2 /* LoginViewController.m */; };
		086FB2D62136A6B400DE4CF2 /* SRGIdentityService+Private.h in Headers */ = {isa = PBXBuildFile; fileRef = 086FB2D42136A6B400DE4CF2 /* SRGIdentityService+Private.h */; };
		086FB2DB2136D8D600DE4CF2 /* SRGIdentityAccountView.m in Sources */ = {isa = PBXBuildFile; fileRef = 086FB2D82136D8D500DE4CF2 /* SRGIdentityAccountView.m */; };
		086FB2DD2136D8D600DE4CF2 /* SRGIdentityAccountView.h in Headers */ = {isa = PBXBuildFile; fileRef = 086FB2DA2136D8D600DE4CF2 /* SRGIdentityAccountView.h */; settings = {ATTRIBUTES = (Public, ); }; };
		086FB2DE2136D8EE00DE4CF2 /* SRGIdentityAccountView.xib in Resources */ = {isa = PBXBuildFile; fileRef = 086FB2D92136D8D500DE4CF2 /* SRGIdentityAccountView.xib */; };
		086FB2E22136DA5000DE4CF2 /* AccountViewController.m in Sources */ = {isa = PBXBuildFile; fileRef = 086FB2DF2136DA4F00DE4CF2 /* AccountViewController.m */; };
		086FB2E32136DA5000DE4CF2 /* AccountViewController.storyboard in Resources */ = {isa = PBXBuildFile; fileRef = 086FB2E12136DA4F00DE4CF2 /* AccountViewController.storyboard */; };
		086FB31721380D1300DE4CF2 /* LoginViewController.m in Sources */ = {isa = PBXBuildFile; fileRef = 086FB2D021368E4200DE4CF2 /* LoginViewController.m */; };
		086FB31821380D1300DE4CF2 /* AppDelegate.m in Sources */ = {isa = PBXBuildFile; fileRef = 6F8A93F620FDCAA800AA6434 /* AppDelegate.m */; };
		086FB31921380D1300DE4CF2 /* main.m in Sources */ = {isa = PBXBuildFile; fileRef = 6F8A93F520FDCAA800AA6434 /* main.m */; };
		086FB31A21380D1300DE4CF2 /* DemosViewController.m in Sources */ = {isa = PBXBuildFile; fileRef = 6F8A93F920FDCAA800AA6434 /* DemosViewController.m */; };
		086FB31B21380D1300DE4CF2 /* AccountViewController.m in Sources */ = {isa = PBXBuildFile; fileRef = 086FB2DF2136DA4F00DE4CF2 /* AccountViewController.m */; };
		086FB31D21380D1300DE4CF2 /* SRGIdentity.framework in Frameworks */ = {isa = PBXBuildFile; fileRef = 6F0EB53120FC7F58009C02CF /* SRGIdentity.framework */; };
		086FB31E21380D1300DE4CF2 /* MAKVONotificationCenter.framework in Frameworks */ = {isa = PBXBuildFile; fileRef = 080D0BE121356CB500AA519A /* MAKVONotificationCenter.framework */; };
		086FB31F21380D1300DE4CF2 /* libextobjc.framework in Frameworks */ = {isa = PBXBuildFile; fileRef = 080D0BE021356CB500AA519A /* libextobjc.framework */; };
		086FB32021380D1300DE4CF2 /* UICKeyChainStore.framework in Frameworks */ = {isa = PBXBuildFile; fileRef = 080D0BD921356A1200AA519A /* UICKeyChainStore.framework */; };
		086FB32121380D1300DE4CF2 /* Mantle.framework in Frameworks */ = {isa = PBXBuildFile; fileRef = 080D0BE42135776000AA519A /* Mantle.framework */; };
		086FB32321380D1300DE4CF2 /* LaunchScreen.storyboard in Resources */ = {isa = PBXBuildFile; fileRef = 6F8A93F020FDCAA800AA6434 /* LaunchScreen.storyboard */; };
		086FB32421380D1300DE4CF2 /* LoginViewController.storyboard in Resources */ = {isa = PBXBuildFile; fileRef = 086FB2CF21368E4200DE4CF2 /* LoginViewController.storyboard */; };
		086FB32521380D1300DE4CF2 /* DemosViewController.storyboard in Resources */ = {isa = PBXBuildFile; fileRef = 6F8A940120FDCBA600AA6434 /* DemosViewController.storyboard */; };
		086FB32621380D1300DE4CF2 /* Images.xcassets in Resources */ = {isa = PBXBuildFile; fileRef = 6F8A93F120FDCAA800AA6434 /* Images.xcassets */; };
		086FB32721380D1300DE4CF2 /* AccountViewController.storyboard in Resources */ = {isa = PBXBuildFile; fileRef = 086FB2E12136DA4F00DE4CF2 /* AccountViewController.storyboard */; };
		086FB32921380D1300DE4CF2 /* SRGIdentity.framework in Embed Frameworks */ = {isa = PBXBuildFile; fileRef = 6F0EB53120FC7F58009C02CF /* SRGIdentity.framework */; settings = {ATTRIBUTES = (CodeSignOnCopy, RemoveHeadersOnCopy, ); }; };
		086FB32A21380D1300DE4CF2 /* MAKVONotificationCenter.framework in Embed Frameworks */ = {isa = PBXBuildFile; fileRef = 080D0BE121356CB500AA519A /* MAKVONotificationCenter.framework */; settings = {ATTRIBUTES = (CodeSignOnCopy, RemoveHeadersOnCopy, ); }; };
		086FB32B21380D1300DE4CF2 /* libextobjc.framework in Embed Frameworks */ = {isa = PBXBuildFile; fileRef = 080D0BE021356CB500AA519A /* libextobjc.framework */; settings = {ATTRIBUTES = (CodeSignOnCopy, RemoveHeadersOnCopy, ); }; };
		086FB32C21380D1300DE4CF2 /* UICKeyChainStore.framework in Embed Frameworks */ = {isa = PBXBuildFile; fileRef = 080D0BD921356A1200AA519A /* UICKeyChainStore.framework */; settings = {ATTRIBUTES = (CodeSignOnCopy, RemoveHeadersOnCopy, ); }; };
		086FB32D21380D1300DE4CF2 /* Mantle.framework in Embed Frameworks */ = {isa = PBXBuildFile; fileRef = 080D0BE42135776000AA519A /* Mantle.framework */; settings = {ATTRIBUTES = (CodeSignOnCopy, RemoveHeadersOnCopy, ); }; };
		6F0C98EE2121E1D600073AB6 /* Localizable.strings in Resources */ = {isa = PBXBuildFile; fileRef = 6FCBFEF7210B578B006BC355 /* Localizable.strings */; };
		6F0C98F12121E26A00073AB6 /* SRGIdentity.bundle in Resources */ = {isa = PBXBuildFile; fileRef = 6F0C98E62121E1C200073AB6 /* SRGIdentity.bundle */; };
		6F8A93FB20FDCAA800AA6434 /* LaunchScreen.storyboard in Resources */ = {isa = PBXBuildFile; fileRef = 6F8A93F020FDCAA800AA6434 /* LaunchScreen.storyboard */; };
		6F8A93FC20FDCAA800AA6434 /* Images.xcassets in Resources */ = {isa = PBXBuildFile; fileRef = 6F8A93F120FDCAA800AA6434 /* Images.xcassets */; };
		6F8A93FD20FDCAA800AA6434 /* main.m in Sources */ = {isa = PBXBuildFile; fileRef = 6F8A93F520FDCAA800AA6434 /* main.m */; };
		6F8A93FE20FDCAA800AA6434 /* AppDelegate.m in Sources */ = {isa = PBXBuildFile; fileRef = 6F8A93F620FDCAA800AA6434 /* AppDelegate.m */; };
		6F8A93FF20FDCAA800AA6434 /* DemosViewController.m in Sources */ = {isa = PBXBuildFile; fileRef = 6F8A93F920FDCAA800AA6434 /* DemosViewController.m */; };
		6F8A940220FDCBA600AA6434 /* DemosViewController.storyboard in Resources */ = {isa = PBXBuildFile; fileRef = 6F8A940120FDCBA600AA6434 /* DemosViewController.storyboard */; };
		6F8A940320FDD01B00AA6434 /* SRGIdentity.framework in Frameworks */ = {isa = PBXBuildFile; fileRef = 6F0EB53120FC7F58009C02CF /* SRGIdentity.framework */; };
		6F8A940420FDD01B00AA6434 /* SRGIdentity.framework in Embed Frameworks */ = {isa = PBXBuildFile; fileRef = 6F0EB53120FC7F58009C02CF /* SRGIdentity.framework */; settings = {ATTRIBUTES = (CodeSignOnCopy, RemoveHeadersOnCopy, ); }; };
		6F9FFAAC2167924E00F781A0 /* SRGNetwork.framework in Frameworks */ = {isa = PBXBuildFile; fileRef = 6F9FFAAB2167924E00F781A0 /* SRGNetwork.framework */; };
		6F9FFAAD2167925A00F781A0 /* SRGNetwork.framework in Frameworks */ = {isa = PBXBuildFile; fileRef = 6F9FFAAB2167924E00F781A0 /* SRGNetwork.framework */; };
		6F9FFAAE2167925A00F781A0 /* SRGNetwork.framework in Embed Frameworks */ = {isa = PBXBuildFile; fileRef = 6F9FFAAB2167924E00F781A0 /* SRGNetwork.framework */; settings = {ATTRIBUTES = (CodeSignOnCopy, RemoveHeadersOnCopy, ); }; };
		6F9FFAAF2167925F00F781A0 /* SRGNetwork.framework in Frameworks */ = {isa = PBXBuildFile; fileRef = 6F9FFAAB2167924E00F781A0 /* SRGNetwork.framework */; };
		6F9FFAB02167925F00F781A0 /* SRGNetwork.framework in Embed Frameworks */ = {isa = PBXBuildFile; fileRef = 6F9FFAAB2167924E00F781A0 /* SRGNetwork.framework */; settings = {ATTRIBUTES = (CodeSignOnCopy, RemoveHeadersOnCopy, ); }; };
		6FB74D6C2101D4D200E2D365 /* SRGIdentity.framework in Frameworks */ = {isa = PBXBuildFile; fileRef = 6F0EB53120FC7F58009C02CF /* SRGIdentity.framework */; };
		6FB74D772101D5D600E2D365 /* SRGIdentityTestCase.m in Sources */ = {isa = PBXBuildFile; fileRef = 6FB74D742101D5D600E2D365 /* SRGIdentityTestCase.m */; };
/* End PBXBuildFile section */

/* Begin PBXContainerItemProxy section */
		0853421F2163C7ED00E2EEE6 /* PBXContainerItemProxy */ = {
			isa = PBXContainerItemProxy;
			containerPortal = 6F0EB52820FC7F58009C02CF /* Project object */;
			proxyType = 1;
			remoteGlobalIDString = 6F0EB53020FC7F58009C02CF;
			remoteInfo = RTSIdentity;
		};
		085342262163CDBB00E2EEE6 /* PBXContainerItemProxy */ = {
			isa = PBXContainerItemProxy;
			containerPortal = 6F0EB52820FC7F58009C02CF /* Project object */;
			proxyType = 1;
			remoteGlobalIDString = 6F0C98E52121E1C200073AB6;
			remoteInfo = "SRGIdentity-resources";
		};
		085342272163CDBB00E2EEE6 /* PBXContainerItemProxy */ = {
			isa = PBXContainerItemProxy;
			containerPortal = 6F0EB52820FC7F58009C02CF /* Project object */;
			proxyType = 1;
			remoteGlobalIDString = 6F0EB53020FC7F58009C02CF;
			remoteInfo = SRGIdentity;
		};
		085342282163CDBC00E2EEE6 /* PBXContainerItemProxy */ = {
			isa = PBXContainerItemProxy;
			containerPortal = 6F0EB52820FC7F58009C02CF /* Project object */;
			proxyType = 1;
			remoteGlobalIDString = 6F0EB53020FC7F58009C02CF;
			remoteInfo = SRGIdentity;
		};
/* End PBXContainerItemProxy section */

/* Begin PBXCopyFilesBuildPhase section */
		086FB32821380D1300DE4CF2 /* Embed Frameworks */ = {
			isa = PBXCopyFilesBuildPhase;
			buildActionMask = 2147483647;
			dstPath = "";
			dstSubfolderSpec = 10;
			files = (
				086FB32921380D1300DE4CF2 /* SRGIdentity.framework in Embed Frameworks */,
				086FB32A21380D1300DE4CF2 /* MAKVONotificationCenter.framework in Embed Frameworks */,
				086FB32B21380D1300DE4CF2 /* libextobjc.framework in Embed Frameworks */,
				086FB32C21380D1300DE4CF2 /* UICKeyChainStore.framework in Embed Frameworks */,
				6F9FFAB02167925F00F781A0 /* SRGNetwork.framework in Embed Frameworks */,
				086FB32D21380D1300DE4CF2 /* Mantle.framework in Embed Frameworks */,
			);
			name = "Embed Frameworks";
			runOnlyForDeploymentPostprocessing = 0;
		};
		6F8A940720FDD01B00AA6434 /* Embed Frameworks */ = {
			isa = PBXCopyFilesBuildPhase;
			buildActionMask = 2147483647;
			dstPath = "";
			dstSubfolderSpec = 10;
			files = (
				6F8A940420FDD01B00AA6434 /* SRGIdentity.framework in Embed Frameworks */,
				080D0BEB21359E4800AA519A /* MAKVONotificationCenter.framework in Embed Frameworks */,
				080D0BE921359E4800AA519A /* libextobjc.framework in Embed Frameworks */,
				080D0BED21359E4800AA519A /* UICKeyChainStore.framework in Embed Frameworks */,
				6F9FFAAE2167925A00F781A0 /* SRGNetwork.framework in Embed Frameworks */,
				080D0BE721359E4800AA519A /* Mantle.framework in Embed Frameworks */,
			);
			name = "Embed Frameworks";
			runOnlyForDeploymentPostprocessing = 0;
		};
		6FB74D7A2101D68F00E2D365 /* Copy Files */ = {
			isa = PBXCopyFilesBuildPhase;
			buildActionMask = 2147483647;
			dstPath = "";
			dstSubfolderSpec = 10;
			files = (
			);
			name = "Copy Files";
			runOnlyForDeploymentPostprocessing = 0;
		};
/* End PBXCopyFilesBuildPhase section */

/* Begin PBXFileReference section */
		080D0BD5213566C900AA519A /* SRGIdentityService.m */ = {isa = PBXFileReference; fileEncoding = 4; lastKnownFileType = sourcecode.c.objc; path = SRGIdentityService.m; sourceTree = "<group>"; };
		080D0BD6213566C900AA519A /* SRGIdentityService.h */ = {isa = PBXFileReference; fileEncoding = 4; lastKnownFileType = sourcecode.c.h; path = SRGIdentityService.h; sourceTree = "<group>"; };
		080D0BD921356A1200AA519A /* UICKeyChainStore.framework */ = {isa = PBXFileReference; lastKnownFileType = wrapper.framework; name = UICKeyChainStore.framework; path = Carthage/Build/iOS/UICKeyChainStore.framework; sourceTree = "<group>"; };
		080D0BE021356CB500AA519A /* libextobjc.framework */ = {isa = PBXFileReference; lastKnownFileType = wrapper.framework; name = libextobjc.framework; path = Carthage/Build/iOS/libextobjc.framework; sourceTree = "<group>"; };
		080D0BE121356CB500AA519A /* MAKVONotificationCenter.framework */ = {isa = PBXFileReference; lastKnownFileType = wrapper.framework; name = MAKVONotificationCenter.framework; path = Carthage/Build/iOS/MAKVONotificationCenter.framework; sourceTree = "<group>"; };
		080D0BE42135776000AA519A /* Mantle.framework */ = {isa = PBXFileReference; lastKnownFileType = wrapper.framework; name = Mantle.framework; path = Carthage/Build/iOS/Mantle.framework; sourceTree = "<group>"; };
		080D0BEE2135A6DD00AA519A /* SafariServices.framework */ = {isa = PBXFileReference; lastKnownFileType = wrapper.framework; name = SafariServices.framework; path = System/Library/Frameworks/SafariServices.framework; sourceTree = SDKROOT; };
		0829FA752136853C00FE0A28 /* SRGAccount.h */ = {isa = PBXFileReference; fileEncoding = 4; lastKnownFileType = sourcecode.c.h; path = SRGAccount.h; sourceTree = "<group>"; };
		0829FA762136853C00FE0A28 /* SRGAccount.m */ = {isa = PBXFileReference; fileEncoding = 4; lastKnownFileType = sourcecode.c.objc; path = SRGAccount.m; sourceTree = "<group>"; };
		0829FA772136853C00FE0A28 /* SRGIdentity.h */ = {isa = PBXFileReference; fileEncoding = 4; lastKnownFileType = sourcecode.c.h; path = SRGIdentity.h; sourceTree = "<group>"; };
		0829FA782136853C00FE0A28 /* SRGIdentity.m */ = {isa = PBXFileReference; fileEncoding = 4; lastKnownFileType = sourcecode.c.objc; path = SRGIdentity.m; sourceTree = "<group>"; };
		0829FA7A2136853C00FE0A28 /* NSBundle+SRGIdentity.h */ = {isa = PBXFileReference; fileEncoding = 4; lastKnownFileType = sourcecode.c.h; path = "NSBundle+SRGIdentity.h"; sourceTree = "<group>"; };
		0829FA7B2136853C00FE0A28 /* NSBundle+SRGIdentity.m */ = {isa = PBXFileReference; fileEncoding = 4; lastKnownFileType = sourcecode.c.objc; path = "NSBundle+SRGIdentity.m"; sourceTree = "<group>"; };
		0829FA83213686BA00FE0A28 /* SRGIdentityLoginView.xib */ = {isa = PBXFileReference; lastKnownFileType = file.xib; path = SRGIdentityLoginView.xib; sourceTree = "<group>"; };
		0829FA85213686DE00FE0A28 /* SRGIdentityLoginView.h */ = {isa = PBXFileReference; lastKnownFileType = sourcecode.c.h; path = SRGIdentityLoginView.h; sourceTree = "<group>"; };
		0829FA86213686DE00FE0A28 /* SRGIdentityLoginView.m */ = {isa = PBXFileReference; lastKnownFileType = sourcecode.c.objc; path = SRGIdentityLoginView.m; sourceTree = "<group>"; };
		086FB2CA21368ADE00DE4CF2 /* WebKit.framework */ = {isa = PBXFileReference; lastKnownFileType = wrapper.framework; name = WebKit.framework; path = System/Library/Frameworks/WebKit.framework; sourceTree = SDKROOT; };
		086FB2CF21368E4200DE4CF2 /* LoginViewController.storyboard */ = {isa = PBXFileReference; fileEncoding = 4; lastKnownFileType = file.storyboard; path = LoginViewController.storyboard; sourceTree = "<group>"; };
		086FB2D021368E4200DE4CF2 /* LoginViewController.m */ = {isa = PBXFileReference; fileEncoding = 4; lastKnownFileType = sourcecode.c.objc; path = LoginViewController.m; sourceTree = "<group>"; };
		086FB2D121368E4200DE4CF2 /* LoginViewController.h */ = {isa = PBXFileReference; fileEncoding = 4; lastKnownFileType = sourcecode.c.h; path = LoginViewController.h; sourceTree = "<group>"; };
		086FB2D42136A6B400DE4CF2 /* SRGIdentityService+Private.h */ = {isa = PBXFileReference; lastKnownFileType = sourcecode.c.h; path = "SRGIdentityService+Private.h"; sourceTree = "<group>"; };
		086FB2D82136D8D500DE4CF2 /* SRGIdentityAccountView.m */ = {isa = PBXFileReference; fileEncoding = 4; lastKnownFileType = sourcecode.c.objc; path = SRGIdentityAccountView.m; sourceTree = "<group>"; };
		086FB2D92136D8D500DE4CF2 /* SRGIdentityAccountView.xib */ = {isa = PBXFileReference; fileEncoding = 4; lastKnownFileType = file.xib; path = SRGIdentityAccountView.xib; sourceTree = "<group>"; };
		086FB2DA2136D8D600DE4CF2 /* SRGIdentityAccountView.h */ = {isa = PBXFileReference; fileEncoding = 4; lastKnownFileType = sourcecode.c.h; path = SRGIdentityAccountView.h; sourceTree = "<group>"; };
		086FB2DF2136DA4F00DE4CF2 /* AccountViewController.m */ = {isa = PBXFileReference; fileEncoding = 4; lastKnownFileType = sourcecode.c.objc; path = AccountViewController.m; sourceTree = "<group>"; };
		086FB2E02136DA4F00DE4CF2 /* AccountViewController.h */ = {isa = PBXFileReference; fileEncoding = 4; lastKnownFileType = sourcecode.c.h; path = AccountViewController.h; sourceTree = "<group>"; };
		086FB2E12136DA4F00DE4CF2 /* AccountViewController.storyboard */ = {isa = PBXFileReference; fileEncoding = 4; lastKnownFileType = file.storyboard; path = AccountViewController.storyboard; sourceTree = "<group>"; };
		086FB33321380D1300DE4CF2 /* SRGIdentity-demo2.app */ = {isa = PBXFileReference; explicitFileType = wrapper.application; includeInIndex = 0; path = "SRGIdentity-demo2.app"; sourceTree = BUILT_PRODUCTS_DIR; };
		086FB33521380D9300DE4CF2 /* Info.plist */ = {isa = PBXFileReference; lastKnownFileType = text.plist.xml; path = Info.plist; sourceTree = "<group>"; };
		086FB33C2138170500DE4CF2 /* CodeSigning.entitlements */ = {isa = PBXFileReference; lastKnownFileType = text.plist.entitlements; path = CodeSigning.entitlements; sourceTree = "<group>"; };
		6F0C98E62121E1C200073AB6 /* SRGIdentity.bundle */ = {isa = PBXFileReference; explicitFileType = wrapper.cfbundle; includeInIndex = 0; path = SRGIdentity.bundle; sourceTree = BUILT_PRODUCTS_DIR; };
		6F0EB53120FC7F58009C02CF /* SRGIdentity.framework */ = {isa = PBXFileReference; explicitFileType = wrapper.framework; includeInIndex = 0; path = SRGIdentity.framework; sourceTree = BUILT_PRODUCTS_DIR; };
		6F0EB53F20FC7FA9009C02CF /* Info.plist */ = {isa = PBXFileReference; fileEncoding = 4; lastKnownFileType = text.plist.xml; path = Info.plist; sourceTree = "<group>"; };
		6F8A93D820FDCA0800AA6434 /* SRGIdentity-demo1.app */ = {isa = PBXFileReference; explicitFileType = wrapper.application; includeInIndex = 0; path = "SRGIdentity-demo1.app"; sourceTree = BUILT_PRODUCTS_DIR; };
		6F8A93F020FDCAA800AA6434 /* LaunchScreen.storyboard */ = {isa = PBXFileReference; fileEncoding = 4; lastKnownFileType = file.storyboard; path = LaunchScreen.storyboard; sourceTree = "<group>"; };
		6F8A93F120FDCAA800AA6434 /* Images.xcassets */ = {isa = PBXFileReference; lastKnownFileType = folder.assetcatalog; path = Images.xcassets; sourceTree = "<group>"; };
		6F8A93F420FDCAA800AA6434 /* AppDelegate.h */ = {isa = PBXFileReference; fileEncoding = 4; lastKnownFileType = sourcecode.c.h; path = AppDelegate.h; sourceTree = "<group>"; };
		6F8A93F520FDCAA800AA6434 /* main.m */ = {isa = PBXFileReference; fileEncoding = 4; lastKnownFileType = sourcecode.c.objc; path = main.m; sourceTree = "<group>"; };
		6F8A93F620FDCAA800AA6434 /* AppDelegate.m */ = {isa = PBXFileReference; fileEncoding = 4; lastKnownFileType = sourcecode.c.objc; path = AppDelegate.m; sourceTree = "<group>"; };
		6F8A93F820FDCAA800AA6434 /* DemosViewController.h */ = {isa = PBXFileReference; fileEncoding = 4; lastKnownFileType = sourcecode.c.h; path = DemosViewController.h; sourceTree = "<group>"; };
		6F8A93F920FDCAA800AA6434 /* DemosViewController.m */ = {isa = PBXFileReference; fileEncoding = 4; lastKnownFileType = sourcecode.c.objc; path = DemosViewController.m; sourceTree = "<group>"; };
		6F8A940120FDCBA600AA6434 /* DemosViewController.storyboard */ = {isa = PBXFileReference; lastKnownFileType = file.storyboard; path = DemosViewController.storyboard; sourceTree = "<group>"; };
		6F9FFAAB2167924E00F781A0 /* SRGNetwork.framework */ = {isa = PBXFileReference; lastKnownFileType = wrapper.framework; name = SRGNetwork.framework; path = Carthage/Build/iOS/SRGNetwork.framework; sourceTree = "<group>"; };
		6FB74D672101D4D200E2D365 /* SRGIdentity-tests.xctest */ = {isa = PBXFileReference; explicitFileType = wrapper.cfbundle; includeInIndex = 0; path = "SRGIdentity-tests.xctest"; sourceTree = BUILT_PRODUCTS_DIR; };
		6FB74D742101D5D600E2D365 /* SRGIdentityTestCase.m */ = {isa = PBXFileReference; fileEncoding = 4; lastKnownFileType = sourcecode.c.objc; path = SRGIdentityTestCase.m; sourceTree = "<group>"; };
		6FB74D762101D5D600E2D365 /* Info.plist */ = {isa = PBXFileReference; fileEncoding = 4; lastKnownFileType = text.plist.xml; path = Info.plist; sourceTree = "<group>"; };
		6FCBFEF8210B578B006BC355 /* en */ = {isa = PBXFileReference; lastKnownFileType = text.plist.strings; name = en; path = en.lproj/Localizable.strings; sourceTree = "<group>"; };
		6FCBFEFA210B57BD006BC355 /* it */ = {isa = PBXFileReference; lastKnownFileType = text.plist.strings; name = it; path = it.lproj/Localizable.strings; sourceTree = "<group>"; };
		6FCBFEFB210B57BD006BC355 /* de */ = {isa = PBXFileReference; lastKnownFileType = text.plist.strings; name = de; path = de.lproj/Localizable.strings; sourceTree = "<group>"; };
		6FCBFEFC210B57BE006BC355 /* fr */ = {isa = PBXFileReference; lastKnownFileType = text.plist.strings; name = fr; path = fr.lproj/Localizable.strings; sourceTree = "<group>"; };
		6FCBFEFD210B57BE006BC355 /* rm */ = {isa = PBXFileReference; lastKnownFileType = text.plist.strings; name = rm; path = rm.lproj/Localizable.strings; sourceTree = "<group>"; };
/* End PBXFileReference section */

/* Begin PBXFrameworksBuildPhase section */
		086FB31C21380D1300DE4CF2 /* Frameworks */ = {
			isa = PBXFrameworksBuildPhase;
			buildActionMask = 2147483647;
			files = (
				086FB31D21380D1300DE4CF2 /* SRGIdentity.framework in Frameworks */,
				086FB31E21380D1300DE4CF2 /* MAKVONotificationCenter.framework in Frameworks */,
				086FB31F21380D1300DE4CF2 /* libextobjc.framework in Frameworks */,
				086FB32021380D1300DE4CF2 /* UICKeyChainStore.framework in Frameworks */,
				6F9FFAAF2167925F00F781A0 /* SRGNetwork.framework in Frameworks */,
				086FB32121380D1300DE4CF2 /* Mantle.framework in Frameworks */,
			);
			runOnlyForDeploymentPostprocessing = 0;
		};
		6F0C98E32121E1C200073AB6 /* Frameworks */ = {
			isa = PBXFrameworksBuildPhase;
			buildActionMask = 2147483647;
			files = (
			);
			runOnlyForDeploymentPostprocessing = 0;
		};
		6F0EB52D20FC7F58009C02CF /* Frameworks */ = {
			isa = PBXFrameworksBuildPhase;
			buildActionMask = 2147483647;
			files = (
				6F9FFAAC2167924E00F781A0 /* SRGNetwork.framework in Frameworks */,
				086FB2CB21368ADE00DE4CF2 /* WebKit.framework in Frameworks */,
				080D0BE52135776000AA519A /* Mantle.framework in Frameworks */,
				080D0BE221356CB600AA519A /* libextobjc.framework in Frameworks */,
				080D0BE321356CB600AA519A /* MAKVONotificationCenter.framework in Frameworks */,
				080D0BDA21356A1200AA519A /* UICKeyChainStore.framework in Frameworks */,
			);
			runOnlyForDeploymentPostprocessing = 0;
		};
		6F8A93D520FDCA0800AA6434 /* Frameworks */ = {
			isa = PBXFrameworksBuildPhase;
			buildActionMask = 2147483647;
			files = (
				6F8A940320FDD01B00AA6434 /* SRGIdentity.framework in Frameworks */,
				080D0BEA21359E4800AA519A /* MAKVONotificationCenter.framework in Frameworks */,
				080D0BE821359E4800AA519A /* libextobjc.framework in Frameworks */,
				080D0BEC21359E4800AA519A /* UICKeyChainStore.framework in Frameworks */,
				6F9FFAAD2167925A00F781A0 /* SRGNetwork.framework in Frameworks */,
				080D0BE621359E4800AA519A /* Mantle.framework in Frameworks */,
			);
			runOnlyForDeploymentPostprocessing = 0;
		};
		6FB74D642101D4D200E2D365 /* Frameworks */ = {
			isa = PBXFrameworksBuildPhase;
			buildActionMask = 2147483647;
			files = (
				6FB74D6C2101D4D200E2D365 /* SRGIdentity.framework in Frameworks */,
			);
			runOnlyForDeploymentPostprocessing = 0;
		};
/* End PBXFrameworksBuildPhase section */

/* Begin PBXGroup section */
		0829FA742136853C00FE0A28 /* Model */ = {
			isa = PBXGroup;
			children = (
				0829FA752136853C00FE0A28 /* SRGAccount.h */,
				0829FA762136853C00FE0A28 /* SRGAccount.m */,
			);
			path = Model;
			sourceTree = "<group>";
		};
		0829FA792136853C00FE0A28 /* Categories */ = {
			isa = PBXGroup;
			children = (
				0829FA7A2136853C00FE0A28 /* NSBundle+SRGIdentity.h */,
				0829FA7B2136853C00FE0A28 /* NSBundle+SRGIdentity.m */,
			);
			path = Categories;
			sourceTree = "<group>";
		};
		0829FA822136869400FE0A28 /* Views */ = {
			isa = PBXGroup;
			children = (
				086FB2DA2136D8D600DE4CF2 /* SRGIdentityAccountView.h */,
				086FB2D82136D8D500DE4CF2 /* SRGIdentityAccountView.m */,
				086FB2D92136D8D500DE4CF2 /* SRGIdentityAccountView.xib */,
				0829FA85213686DE00FE0A28 /* SRGIdentityLoginView.h */,
				0829FA86213686DE00FE0A28 /* SRGIdentityLoginView.m */,
				0829FA83213686BA00FE0A28 /* SRGIdentityLoginView.xib */,
			);
			path = Views;
			sourceTree = "<group>";
		};
		6F0EB52720FC7F58009C02CF = {
			isa = PBXGroup;
			children = (
				6F0EB53C20FC7FA9009C02CF /* Framework */,
				6FB74D722101D5D600E2D365 /* Tests */,
				6F8A93EE20FDCAA800AA6434 /* Demo */,
				6F0EB53220FC7F58009C02CF /* Products */,
				6F8A945521006A9E00AA6434 /* Frameworks */,
			);
			sourceTree = "<group>";
		};
		6F0EB53220FC7F58009C02CF /* Products */ = {
			isa = PBXGroup;
			children = (
				6F0EB53120FC7F58009C02CF /* SRGIdentity.framework */,
				6F8A93D820FDCA0800AA6434 /* SRGIdentity-demo1.app */,
				6FB74D672101D4D200E2D365 /* SRGIdentity-tests.xctest */,
				6F0C98E62121E1C200073AB6 /* SRGIdentity.bundle */,
				086FB33321380D1300DE4CF2 /* SRGIdentity-demo2.app */,
			);
			name = Products;
			sourceTree = "<group>";
		};
		6F0EB53C20FC7FA9009C02CF /* Framework */ = {
			isa = PBXGroup;
			children = (
				6F0EB53D20FC7FA9009C02CF /* Sources */,
				6FCBFEF6210B571C006BC355 /* Resources */,
				6F0EB53F20FC7FA9009C02CF /* Info.plist */,
			);
			path = Framework;
			sourceTree = "<group>";
		};
		6F0EB53D20FC7FA9009C02CF /* Sources */ = {
			isa = PBXGroup;
			children = (
				0829FA792136853C00FE0A28 /* Categories */,
				0829FA742136853C00FE0A28 /* Model */,
				0829FA822136869400FE0A28 /* Views */,
				0829FA772136853C00FE0A28 /* SRGIdentity.h */,
				0829FA782136853C00FE0A28 /* SRGIdentity.m */,
				080D0BD6213566C900AA519A /* SRGIdentityService.h */,
				080D0BD5213566C900AA519A /* SRGIdentityService.m */,
				086FB2D42136A6B400DE4CF2 /* SRGIdentityService+Private.h */,
			);
			path = Sources;
			sourceTree = "<group>";
		};
		6F8A93EE20FDCAA800AA6434 /* Demo */ = {
			isa = PBXGroup;
			children = (
				6F8A93F220FDCAA800AA6434 /* Sources */,
				6F8A93EF20FDCAA800AA6434 /* Resources */,
				086FB33521380D9300DE4CF2 /* Info.plist */,
				086FB33C2138170500DE4CF2 /* CodeSigning.entitlements */,
			);
			path = Demo;
			sourceTree = "<group>";
		};
		6F8A93EF20FDCAA800AA6434 /* Resources */ = {
			isa = PBXGroup;
			children = (
				6F8A93F020FDCAA800AA6434 /* LaunchScreen.storyboard */,
				6F8A93F120FDCAA800AA6434 /* Images.xcassets */,
			);
			path = Resources;
			sourceTree = "<group>";
		};
		6F8A93F220FDCAA800AA6434 /* Sources */ = {
			isa = PBXGroup;
			children = (
				6F8A93F320FDCAA800AA6434 /* Application */,
				6F8A93F720FDCAA800AA6434 /* Demos */,
			);
			path = Sources;
			sourceTree = "<group>";
		};
		6F8A93F320FDCAA800AA6434 /* Application */ = {
			isa = PBXGroup;
			children = (
				6F8A93F420FDCAA800AA6434 /* AppDelegate.h */,
				6F8A93F620FDCAA800AA6434 /* AppDelegate.m */,
				6F8A93F520FDCAA800AA6434 /* main.m */,
			);
			path = Application;
			sourceTree = "<group>";
		};
		6F8A93F720FDCAA800AA6434 /* Demos */ = {
			isa = PBXGroup;
			children = (
				086FB2E02136DA4F00DE4CF2 /* AccountViewController.h */,
				086FB2DF2136DA4F00DE4CF2 /* AccountViewController.m */,
				086FB2E12136DA4F00DE4CF2 /* AccountViewController.storyboard */,
				6F8A93F820FDCAA800AA6434 /* DemosViewController.h */,
				6F8A93F920FDCAA800AA6434 /* DemosViewController.m */,
				6F8A940120FDCBA600AA6434 /* DemosViewController.storyboard */,
				086FB2D121368E4200DE4CF2 /* LoginViewController.h */,
				086FB2D021368E4200DE4CF2 /* LoginViewController.m */,
				086FB2CF21368E4200DE4CF2 /* LoginViewController.storyboard */,
			);
			path = Demos;
			sourceTree = "<group>";
		};
		6F8A945521006A9E00AA6434 /* Frameworks */ = {
			isa = PBXGroup;
			children = (
				080D0BE021356CB500AA519A /* libextobjc.framework */,
				080D0BE121356CB500AA519A /* MAKVONotificationCenter.framework */,
				080D0BE42135776000AA519A /* Mantle.framework */,
				080D0BEE2135A6DD00AA519A /* SafariServices.framework */,
				6F9FFAAB2167924E00F781A0 /* SRGNetwork.framework */,
				080D0BD921356A1200AA519A /* UICKeyChainStore.framework */,
				086FB2CA21368ADE00DE4CF2 /* WebKit.framework */,
			);
			name = Frameworks;
			sourceTree = "<group>";
		};
		6FB74D722101D5D600E2D365 /* Tests */ = {
			isa = PBXGroup;
			children = (
				6FB74D732101D5D600E2D365 /* Sources */,
				6FB74D762101D5D600E2D365 /* Info.plist */,
			);
			path = Tests;
			sourceTree = SOURCE_ROOT;
		};
		6FB74D732101D5D600E2D365 /* Sources */ = {
			isa = PBXGroup;
			children = (
				6FB74D742101D5D600E2D365 /* SRGIdentityTestCase.m */,
			);
			path = Sources;
			sourceTree = "<group>";
		};
		6FCBFEF6210B571C006BC355 /* Resources */ = {
			isa = PBXGroup;
			children = (
				6FCBFEF7210B578B006BC355 /* Localizable.strings */,
			);
			path = Resources;
			sourceTree = "<group>";
		};
/* End PBXGroup section */

/* Begin PBXHeadersBuildPhase section */
		6F0EB52E20FC7F58009C02CF /* Headers */ = {
			isa = PBXHeadersBuildPhase;
			buildActionMask = 2147483647;
			files = (
				0829FA7C2136853C00FE0A28 /* SRGAccount.h in Headers */,
				086FB2DD2136D8D600DE4CF2 /* SRGIdentityAccountView.h in Headers */,
				0829FA802136853C00FE0A28 /* NSBundle+SRGIdentity.h in Headers */,
				086FB2D62136A6B400DE4CF2 /* SRGIdentityService+Private.h in Headers */,
				0829FA7E2136853C00FE0A28 /* SRGIdentity.h in Headers */,
				080D0BD8213566C900AA519A /* SRGIdentityService.h in Headers */,
				0829FA87213686DE00FE0A28 /* SRGIdentityLoginView.h in Headers */,
			);
			runOnlyForDeploymentPostprocessing = 0;
		};
/* End PBXHeadersBuildPhase section */

/* Begin PBXNativeTarget section */
		086FB31321380D1300DE4CF2 /* SRGIdentity-demo2 */ = {
			isa = PBXNativeTarget;
			buildConfigurationList = 086FB32E21380D1300DE4CF2 /* Build configuration list for PBXNativeTarget "SRGIdentity-demo2" */;
			buildPhases = (
				086FB31621380D1300DE4CF2 /* Sources */,
				086FB31C21380D1300DE4CF2 /* Frameworks */,
				086FB32221380D1300DE4CF2 /* Resources */,
				086FB32821380D1300DE4CF2 /* Embed Frameworks */,
			);
			buildRules = (
			);
			dependencies = (
				086FB31421380D1300DE4CF2 /* PBXTargetDependency */,
			);
			name = "SRGIdentity-demo2";
			productName = "SRGIdentity-demo2";
			productReference = 086FB33321380D1300DE4CF2 /* SRGIdentity-demo2.app */;
			productType = "com.apple.product-type.application";
		};
		6F0C98E52121E1C200073AB6 /* SRGIdentity-resources */ = {
			isa = PBXNativeTarget;
			buildConfigurationList = 6F0C98E92121E1C200073AB6 /* Build configuration list for PBXNativeTarget "SRGIdentity-resources" */;
			buildPhases = (
				6F0C98E22121E1C200073AB6 /* Sources */,
				6F0C98E32121E1C200073AB6 /* Frameworks */,
				6F0C98E42121E1C200073AB6 /* Resources */,
			);
			buildRules = (
			);
			dependencies = (
			);
			name = "SRGIdentity-resources";
			productName = "SRGIdentity-resources";
			productReference = 6F0C98E62121E1C200073AB6 /* SRGIdentity.bundle */;
			productType = "com.apple.product-type.bundle";
		};
		6F0EB53020FC7F58009C02CF /* SRGIdentity */ = {
			isa = PBXNativeTarget;
			buildConfigurationList = 6F0EB53920FC7F58009C02CF /* Build configuration list for PBXNativeTarget "SRGIdentity" */;
			buildPhases = (
				6F0EB52C20FC7F58009C02CF /* Sources */,
				6F0EB52D20FC7F58009C02CF /* Frameworks */,
				6F0EB52E20FC7F58009C02CF /* Headers */,
				6F0EB52F20FC7F58009C02CF /* Resources */,
			);
			buildRules = (
			);
			dependencies = (
				6F0C98F02121E26400073AB6 /* PBXTargetDependency */,
			);
			name = SRGIdentity;
			productName = SRGIdentity;
			productReference = 6F0EB53120FC7F58009C02CF /* SRGIdentity.framework */;
			productType = "com.apple.product-type.framework";
		};
		6F8A93D720FDCA0800AA6434 /* SRGIdentity-demo1 */ = {
			isa = PBXNativeTarget;
			buildConfigurationList = 6F8A93EB20FDCA0900AA6434 /* Build configuration list for PBXNativeTarget "SRGIdentity-demo1" */;
			buildPhases = (
				6F8A93D420FDCA0800AA6434 /* Sources */,
				6F8A93D520FDCA0800AA6434 /* Frameworks */,
				6F8A93D620FDCA0800AA6434 /* Resources */,
				6F8A940720FDD01B00AA6434 /* Embed Frameworks */,
			);
			buildRules = (
			);
			dependencies = (
				6F8A940620FDD01B00AA6434 /* PBXTargetDependency */,
			);
			name = "SRGIdentity-demo1";
			productName = "SRGIdentity-demo1";
			productReference = 6F8A93D820FDCA0800AA6434 /* SRGIdentity-demo1.app */;
			productType = "com.apple.product-type.application";
		};
		6FB74D662101D4D200E2D365 /* SRGIdentity-tests */ = {
			isa = PBXNativeTarget;
			buildConfigurationList = 6FB74D712101D4D200E2D365 /* Build configuration list for PBXNativeTarget "SRGIdentity-tests" */;
			buildPhases = (
				6FB74D632101D4D200E2D365 /* Sources */,
				6FB74D642101D4D200E2D365 /* Frameworks */,
				6FB74D652101D4D200E2D365 /* Resources */,
				6FB74D7A2101D68F00E2D365 /* Copy Files */,
			);
			buildRules = (
			);
			dependencies = (
				6FB74D6E2101D4D200E2D365 /* PBXTargetDependency */,
			);
			name = "SRGIdentity-tests";
			productName = "SRGIdentity-tests";
			productReference = 6FB74D672101D4D200E2D365 /* SRGIdentity-tests.xctest */;
			productType = "com.apple.product-type.bundle.unit-test";
		};
/* End PBXNativeTarget section */

/* Begin PBXProject section */
		6F0EB52820FC7F58009C02CF /* Project object */ = {
			isa = PBXProject;
			attributes = {
				LastUpgradeCheck = 1000;
				ORGANIZATIONNAME = "SRG SSR";
				TargetAttributes = {
					086FB31321380D1300DE4CF2 = {
						SystemCapabilities = {
							com.apple.Keychain = {
								enabled = 1;
							};
						};
					};
					6F0C98E52121E1C200073AB6 = {
						CreatedOnToolsVersion = 9.4;
					};
					6F0EB53020FC7F58009C02CF = {
						CreatedOnToolsVersion = 9.4;
					};
					6F8A93D720FDCA0800AA6434 = {
						CreatedOnToolsVersion = 9.4;
						SystemCapabilities = {
							com.apple.Keychain = {
								enabled = 1;
							};
						};
					};
					6FB74D662101D4D200E2D365 = {
						CreatedOnToolsVersion = 9.4;
					};
				};
			};
			buildConfigurationList = 6F0EB52B20FC7F58009C02CF /* Build configuration list for PBXProject "SRGIdentity" */;
			compatibilityVersion = "Xcode 9.3";
			developmentRegion = en;
			hasScannedForEncodings = 0;
			knownRegions = (
				en,
				Base,
				it,
				de,
				fr,
				rm,
			);
			mainGroup = 6F0EB52720FC7F58009C02CF;
			productRefGroup = 6F0EB53220FC7F58009C02CF /* Products */;
			projectDirPath = "";
			projectRoot = "";
			targets = (
				6F0EB53020FC7F58009C02CF /* SRGIdentity */,
				6F0C98E52121E1C200073AB6 /* SRGIdentity-resources */,
				6F8A93D720FDCA0800AA6434 /* SRGIdentity-demo1 */,
				086FB31321380D1300DE4CF2 /* SRGIdentity-demo2 */,
				6FB74D662101D4D200E2D365 /* SRGIdentity-tests */,
			);
		};
/* End PBXProject section */

/* Begin PBXResourcesBuildPhase section */
		086FB32221380D1300DE4CF2 /* Resources */ = {
			isa = PBXResourcesBuildPhase;
			buildActionMask = 2147483647;
			files = (
				086FB32321380D1300DE4CF2 /* LaunchScreen.storyboard in Resources */,
				086FB32421380D1300DE4CF2 /* LoginViewController.storyboard in Resources */,
				086FB32521380D1300DE4CF2 /* DemosViewController.storyboard in Resources */,
				086FB32621380D1300DE4CF2 /* Images.xcassets in Resources */,
				086FB32721380D1300DE4CF2 /* AccountViewController.storyboard in Resources */,
			);
			runOnlyForDeploymentPostprocessing = 0;
		};
		6F0C98E42121E1C200073AB6 /* Resources */ = {
			isa = PBXResourcesBuildPhase;
			buildActionMask = 2147483647;
			files = (
				086FB2CC21368B5400DE4CF2 /* SRGIdentityLoginView.xib in Resources */,
				086FB2DE2136D8EE00DE4CF2 /* SRGIdentityAccountView.xib in Resources */,
				6F0C98EE2121E1D600073AB6 /* Localizable.strings in Resources */,
			);
			runOnlyForDeploymentPostprocessing = 0;
		};
		6F0EB52F20FC7F58009C02CF /* Resources */ = {
			isa = PBXResourcesBuildPhase;
			buildActionMask = 2147483647;
			files = (
				6F0C98F12121E26A00073AB6 /* SRGIdentity.bundle in Resources */,
			);
			runOnlyForDeploymentPostprocessing = 0;
		};
		6F8A93D620FDCA0800AA6434 /* Resources */ = {
			isa = PBXResourcesBuildPhase;
			buildActionMask = 2147483647;
			files = (
				6F8A93FB20FDCAA800AA6434 /* LaunchScreen.storyboard in Resources */,
				086FB2D221368E4200DE4CF2 /* LoginViewController.storyboard in Resources */,
				6F8A940220FDCBA600AA6434 /* DemosViewController.storyboard in Resources */,
				6F8A93FC20FDCAA800AA6434 /* Images.xcassets in Resources */,
				086FB2E32136DA5000DE4CF2 /* AccountViewController.storyboard in Resources */,
			);
			runOnlyForDeploymentPostprocessing = 0;
		};
		6FB74D652101D4D200E2D365 /* Resources */ = {
			isa = PBXResourcesBuildPhase;
			buildActionMask = 2147483647;
			files = (
			);
			runOnlyForDeploymentPostprocessing = 0;
		};
/* End PBXResourcesBuildPhase section */

/* Begin PBXSourcesBuildPhase section */
		086FB31621380D1300DE4CF2 /* Sources */ = {
			isa = PBXSourcesBuildPhase;
			buildActionMask = 2147483647;
			files = (
				086FB31721380D1300DE4CF2 /* LoginViewController.m in Sources */,
				086FB31821380D1300DE4CF2 /* AppDelegate.m in Sources */,
				086FB31921380D1300DE4CF2 /* main.m in Sources */,
				086FB31A21380D1300DE4CF2 /* DemosViewController.m in Sources */,
				086FB31B21380D1300DE4CF2 /* AccountViewController.m in Sources */,
			);
			runOnlyForDeploymentPostprocessing = 0;
		};
		6F0C98E22121E1C200073AB6 /* Sources */ = {
			isa = PBXSourcesBuildPhase;
			buildActionMask = 2147483647;
			files = (
			);
			runOnlyForDeploymentPostprocessing = 0;
		};
		6F0EB52C20FC7F58009C02CF /* Sources */ = {
			isa = PBXSourcesBuildPhase;
			buildActionMask = 2147483647;
			files = (
				080D0BD7213566C900AA519A /* SRGIdentityService.m in Sources */,
				0829FA7F2136853C00FE0A28 /* SRGIdentity.m in Sources */,
				086FB2DB2136D8D600DE4CF2 /* SRGIdentityAccountView.m in Sources */,
				0829FA812136853C00FE0A28 /* NSBundle+SRGIdentity.m in Sources */,
				0829FA7D2136853C00FE0A28 /* SRGAccount.m in Sources */,
				0829FA88213686DE00FE0A28 /* SRGIdentityLoginView.m in Sources */,
			);
			runOnlyForDeploymentPostprocessing = 0;
		};
		6F8A93D420FDCA0800AA6434 /* Sources */ = {
			isa = PBXSourcesBuildPhase;
			buildActionMask = 2147483647;
			files = (
				086FB2D321368E4200DE4CF2 /* LoginViewController.m in Sources */,
				6F8A93FE20FDCAA800AA6434 /* AppDelegate.m in Sources */,
				6F8A93FD20FDCAA800AA6434 /* main.m in Sources */,
				6F8A93FF20FDCAA800AA6434 /* DemosViewController.m in Sources */,
				086FB2E22136DA5000DE4CF2 /* AccountViewController.m in Sources */,
			);
			runOnlyForDeploymentPostprocessing = 0;
		};
		6FB74D632101D4D200E2D365 /* Sources */ = {
			isa = PBXSourcesBuildPhase;
			buildActionMask = 2147483647;
			files = (
				6FB74D772101D5D600E2D365 /* SRGIdentityTestCase.m in Sources */,
			);
			runOnlyForDeploymentPostprocessing = 0;
		};
/* End PBXSourcesBuildPhase section */

/* Begin PBXTargetDependency section */
		086FB31421380D1300DE4CF2 /* PBXTargetDependency */ = {
			isa = PBXTargetDependency;
			target = 6F0EB53020FC7F58009C02CF /* SRGIdentity */;
			targetProxy = 0853421F2163C7ED00E2EEE6 /* PBXContainerItemProxy */;
		};
		6F0C98F02121E26400073AB6 /* PBXTargetDependency */ = {
			isa = PBXTargetDependency;
			target = 6F0C98E52121E1C200073AB6 /* SRGIdentity-resources */;
			targetProxy = 085342262163CDBB00E2EEE6 /* PBXContainerItemProxy */;
		};
		6F8A940620FDD01B00AA6434 /* PBXTargetDependency */ = {
			isa = PBXTargetDependency;
			target = 6F0EB53020FC7F58009C02CF /* SRGIdentity */;
			targetProxy = 085342272163CDBB00E2EEE6 /* PBXContainerItemProxy */;
		};
		6FB74D6E2101D4D200E2D365 /* PBXTargetDependency */ = {
			isa = PBXTargetDependency;
			target = 6F0EB53020FC7F58009C02CF /* SRGIdentity */;
			targetProxy = 085342282163CDBC00E2EEE6 /* PBXContainerItemProxy */;
		};
/* End PBXTargetDependency section */

/* Begin PBXVariantGroup section */
		6FCBFEF7210B578B006BC355 /* Localizable.strings */ = {
			isa = PBXVariantGroup;
			children = (
				6FCBFEF8210B578B006BC355 /* en */,
				6FCBFEFA210B57BD006BC355 /* it */,
				6FCBFEFB210B57BD006BC355 /* de */,
				6FCBFEFC210B57BE006BC355 /* fr */,
				6FCBFEFD210B57BE006BC355 /* rm */,
			);
			name = Localizable.strings;
			sourceTree = "<group>";
		};
/* End PBXVariantGroup section */

/* Begin XCBuildConfiguration section */
		086FB32F21380D1300DE4CF2 /* Debug */ = {
			isa = XCBuildConfiguration;
			buildSettings = {
				ASSETCATALOG_COMPILER_APPICON_NAME = AppIcon;
				CODE_SIGN_ENTITLEMENTS = Demo/CodeSigning.entitlements;
				CODE_SIGN_STYLE = Automatic;
				DEMO_NUMBER = 2;
				DEVELOPMENT_TEAM = VMGRRW6SG7;
				FRAMEWORK_SEARCH_PATHS = (
					"$(inherited)",
					"$(PROJECT_DIR)/Carthage/Build/iOS",
				);
				INFOPLIST_FILE = Demo/Info.plist;
				LD_RUNPATH_SEARCH_PATHS = (
					"$(inherited)",
					"@executable_path/Frameworks",
				);
				PRODUCT_BUNDLE_IDENTIFIER = "ch.srgssr.SRGIdentity-demo2";
				PRODUCT_NAME = "$(TARGET_NAME)";
			};
			name = Debug;
		};
		086FB33021380D1300DE4CF2 /* Debug-static */ = {
			isa = XCBuildConfiguration;
			buildSettings = {
				ASSETCATALOG_COMPILER_APPICON_NAME = AppIcon;
				CODE_SIGN_ENTITLEMENTS = Demo/CodeSigning.entitlements;
				CODE_SIGN_STYLE = Automatic;
				DEMO_NUMBER = 2;
				DEVELOPMENT_TEAM = VMGRRW6SG7;
				FRAMEWORK_SEARCH_PATHS = (
					"$(inherited)",
					"$(PROJECT_DIR)/Carthage/Build/iOS",
				);
				INFOPLIST_FILE = Demo/Info.plist;
				LD_RUNPATH_SEARCH_PATHS = (
					"$(inherited)",
					"@executable_path/Frameworks",
				);
				PRODUCT_BUNDLE_IDENTIFIER = "ch.srgssr.SRGIdentity-demo2";
				PRODUCT_NAME = "$(TARGET_NAME)";
			};
			name = "Debug-static";
		};
		086FB33121380D1300DE4CF2 /* Release */ = {
			isa = XCBuildConfiguration;
			buildSettings = {
				ASSETCATALOG_COMPILER_APPICON_NAME = AppIcon;
				CODE_SIGN_ENTITLEMENTS = Demo/CodeSigning.entitlements;
				CODE_SIGN_STYLE = Automatic;
				DEMO_NUMBER = 2;
				DEVELOPMENT_TEAM = VMGRRW6SG7;
				FRAMEWORK_SEARCH_PATHS = (
					"$(inherited)",
					"$(PROJECT_DIR)/Carthage/Build/iOS",
				);
				INFOPLIST_FILE = Demo/Info.plist;
				LD_RUNPATH_SEARCH_PATHS = (
					"$(inherited)",
					"@executable_path/Frameworks",
				);
				PRODUCT_BUNDLE_IDENTIFIER = "ch.srgssr.SRGIdentity-demo2";
				PRODUCT_NAME = "$(TARGET_NAME)";
			};
			name = Release;
		};
		086FB33221380D1300DE4CF2 /* Release-static */ = {
			isa = XCBuildConfiguration;
			buildSettings = {
				ASSETCATALOG_COMPILER_APPICON_NAME = AppIcon;
				CODE_SIGN_ENTITLEMENTS = Demo/CodeSigning.entitlements;
				CODE_SIGN_STYLE = Automatic;
				DEMO_NUMBER = 2;
				DEVELOPMENT_TEAM = VMGRRW6SG7;
				FRAMEWORK_SEARCH_PATHS = (
					"$(inherited)",
					"$(PROJECT_DIR)/Carthage/Build/iOS",
				);
				INFOPLIST_FILE = Demo/Info.plist;
				LD_RUNPATH_SEARCH_PATHS = (
					"$(inherited)",
					"@executable_path/Frameworks",
				);
				PRODUCT_BUNDLE_IDENTIFIER = "ch.srgssr.SRGIdentity-demo2";
				PRODUCT_NAME = "$(TARGET_NAME)";
			};
			name = "Release-static";
		};
		6F0C98DA2121E14000073AB6 /* Debug-static */ = {
			isa = XCBuildConfiguration;
			buildSettings = {
				ALWAYS_SEARCH_USER_PATHS = NO;
				CLANG_ANALYZER_LOCALIZABILITY_NONLOCALIZED = YES;
				CLANG_ANALYZER_NONNULL = YES;
				CLANG_ANALYZER_NUMBER_OBJECT_CONVERSION = YES_AGGRESSIVE;
				CLANG_CXX_LANGUAGE_STANDARD = "gnu++14";
				CLANG_CXX_LIBRARY = "libc++";
				CLANG_ENABLE_MODULES = YES;
				CLANG_ENABLE_OBJC_ARC = YES;
				CLANG_ENABLE_OBJC_WEAK = YES;
				CLANG_WARN_BLOCK_CAPTURE_AUTORELEASING = YES;
				CLANG_WARN_BOOL_CONVERSION = YES;
				CLANG_WARN_COMMA = YES;
				CLANG_WARN_CONSTANT_CONVERSION = YES;
				CLANG_WARN_DEPRECATED_OBJC_IMPLEMENTATIONS = YES;
				CLANG_WARN_DIRECT_OBJC_ISA_USAGE = YES_ERROR;
				CLANG_WARN_EMPTY_BODY = YES;
				CLANG_WARN_ENUM_CONVERSION = YES;
				CLANG_WARN_INFINITE_RECURSION = YES;
				CLANG_WARN_INT_CONVERSION = YES;
				CLANG_WARN_NON_LITERAL_NULL_CONVERSION = YES;
				CLANG_WARN_OBJC_IMPLICIT_RETAIN_SELF = YES;
				CLANG_WARN_OBJC_LITERAL_CONVERSION = YES;
				CLANG_WARN_OBJC_ROOT_CLASS = YES_ERROR;
				CLANG_WARN_RANGE_LOOP_ANALYSIS = YES;
				CLANG_WARN_STRICT_PROTOTYPES = YES;
				CLANG_WARN_SUSPICIOUS_MOVE = YES;
				CLANG_WARN_UNGUARDED_AVAILABILITY = YES_AGGRESSIVE;
				CLANG_WARN_UNREACHABLE_CODE = YES;
				CLANG_WARN__DUPLICATE_METHOD_MATCH = YES;
				CODE_SIGN_IDENTITY = "iPhone Developer";
				COPY_PHASE_STRIP = NO;
				CURRENT_PROJECT_VERSION = 1;
				DEBUG_INFORMATION_FORMAT = dwarf;
				DYLIB_COMPATIBILITY_VERSION = 1;
				DYLIB_CURRENT_VERSION = 1;
				ENABLE_STRICT_OBJC_MSGSEND = YES;
				ENABLE_TESTABILITY = YES;
				GCC_C_LANGUAGE_STANDARD = gnu11;
				GCC_DYNAMIC_NO_PIC = NO;
				GCC_NO_COMMON_BLOCKS = YES;
				GCC_OPTIMIZATION_LEVEL = 0;
				GCC_PREPROCESSOR_DEFINITIONS = (
					"DEBUG=1",
					"$(inherited)",
				);
				GCC_WARN_64_TO_32_BIT_CONVERSION = YES;
				GCC_WARN_ABOUT_RETURN_TYPE = YES_ERROR;
				GCC_WARN_UNDECLARED_SELECTOR = YES;
				GCC_WARN_UNINITIALIZED_AUTOS = YES_AGGRESSIVE;
				GCC_WARN_UNUSED_FUNCTION = YES;
				GCC_WARN_UNUSED_VARIABLE = YES;
				IPHONEOS_DEPLOYMENT_TARGET = 9.0;
				MARKETING_VERSION = 0.1;
				MTL_ENABLE_DEBUG_INFO = YES;
				ONLY_ACTIVE_ARCH = YES;
				SDKROOT = iphoneos;
				TARGETED_DEVICE_FAMILY = "1,2";
			};
			name = "Debug-static";
		};
		6F0C98DB2121E14000073AB6 /* Debug-static */ = {
			isa = XCBuildConfiguration;
			buildSettings = {
				APPLICATION_EXTENSION_API_ONLY = YES;
				CLANG_ENABLE_CODE_COVERAGE = NO;
				CODE_SIGN_IDENTITY = "";
				CODE_SIGN_STYLE = Automatic;
				DEFINES_MODULE = YES;
				DYLIB_INSTALL_NAME_BASE = "@rpath";
				FRAMEWORK_SEARCH_PATHS = (
					"$(inherited)",
					"$(PROJECT_DIR)/Carthage/Build/iOS",
					"$(PROJECT_DIR)/Carthage/Build/iOS/Static",
				);
				INFOPLIST_FILE = Framework/Info.plist;
				INSTALL_PATH = "$(LOCAL_LIBRARY_DIR)/Frameworks";
				LD_RUNPATH_SEARCH_PATHS = (
					"$(inherited)",
					"@executable_path/Frameworks",
					"@loader_path/Frameworks",
				);
				MACH_O_TYPE = staticlib;
				PRODUCT_BUNDLE_IDENTIFIER = ch.srgssr.SRGIdentity;
				PRODUCT_NAME = "$(TARGET_NAME:c99extidentifier)";
				SKIP_INSTALL = YES;
				VERSIONING_SYSTEM = "apple-generic";
			};
			name = "Debug-static";
		};
		6F0C98DC2121E14000073AB6 /* Debug-static */ = {
			isa = XCBuildConfiguration;
			buildSettings = {
				ASSETCATALOG_COMPILER_APPICON_NAME = AppIcon;
				CODE_SIGN_ENTITLEMENTS = Demo/CodeSigning.entitlements;
				CODE_SIGN_STYLE = Automatic;
				DEMO_NUMBER = 1;
				DEVELOPMENT_TEAM = VMGRRW6SG7;
				FRAMEWORK_SEARCH_PATHS = (
					"$(inherited)",
					"$(PROJECT_DIR)/Carthage/Build/iOS",
				);
				INFOPLIST_FILE = Demo/Info.plist;
				LD_RUNPATH_SEARCH_PATHS = (
					"$(inherited)",
					"@executable_path/Frameworks",
				);
				PRODUCT_BUNDLE_IDENTIFIER = "ch.srgssr.SRGIdentity-demo1";
				PRODUCT_NAME = "$(TARGET_NAME)";
			};
			name = "Debug-static";
		};
		6F0C98DD2121E14000073AB6 /* Debug-static */ = {
			isa = XCBuildConfiguration;
			buildSettings = {
				CODE_SIGN_STYLE = Automatic;
				FRAMEWORK_SEARCH_PATHS = (
					"$(inherited)",
					"$(PROJECT_DIR)/Carthage/Build/iOS",
				);
				INFOPLIST_FILE = Tests/Info.plist;
				LD_RUNPATH_SEARCH_PATHS = (
					"$(inherited)",
					"@executable_path/Frameworks",
					"@loader_path/Frameworks",
				);
				PRODUCT_BUNDLE_IDENTIFIER = "ch.srgssr.SRGIdentity-tests";
				PRODUCT_NAME = "$(TARGET_NAME)";
			};
			name = "Debug-static";
		};
		6F0C98DE2121E14600073AB6 /* Release-static */ = {
			isa = XCBuildConfiguration;
			buildSettings = {
				ALWAYS_SEARCH_USER_PATHS = NO;
				CLANG_ANALYZER_LOCALIZABILITY_NONLOCALIZED = YES;
				CLANG_ANALYZER_NONNULL = YES;
				CLANG_ANALYZER_NUMBER_OBJECT_CONVERSION = YES_AGGRESSIVE;
				CLANG_CXX_LANGUAGE_STANDARD = "gnu++14";
				CLANG_CXX_LIBRARY = "libc++";
				CLANG_ENABLE_MODULES = YES;
				CLANG_ENABLE_OBJC_ARC = YES;
				CLANG_ENABLE_OBJC_WEAK = YES;
				CLANG_WARN_BLOCK_CAPTURE_AUTORELEASING = YES;
				CLANG_WARN_BOOL_CONVERSION = YES;
				CLANG_WARN_COMMA = YES;
				CLANG_WARN_CONSTANT_CONVERSION = YES;
				CLANG_WARN_DEPRECATED_OBJC_IMPLEMENTATIONS = YES;
				CLANG_WARN_DIRECT_OBJC_ISA_USAGE = YES_ERROR;
				CLANG_WARN_EMPTY_BODY = YES;
				CLANG_WARN_ENUM_CONVERSION = YES;
				CLANG_WARN_INFINITE_RECURSION = YES;
				CLANG_WARN_INT_CONVERSION = YES;
				CLANG_WARN_NON_LITERAL_NULL_CONVERSION = YES;
				CLANG_WARN_OBJC_IMPLICIT_RETAIN_SELF = YES;
				CLANG_WARN_OBJC_LITERAL_CONVERSION = YES;
				CLANG_WARN_OBJC_ROOT_CLASS = YES_ERROR;
				CLANG_WARN_RANGE_LOOP_ANALYSIS = YES;
				CLANG_WARN_STRICT_PROTOTYPES = YES;
				CLANG_WARN_SUSPICIOUS_MOVE = YES;
				CLANG_WARN_UNGUARDED_AVAILABILITY = YES_AGGRESSIVE;
				CLANG_WARN_UNREACHABLE_CODE = YES;
				CLANG_WARN__DUPLICATE_METHOD_MATCH = YES;
				CODE_SIGN_IDENTITY = "iPhone Developer";
				COPY_PHASE_STRIP = NO;
				CURRENT_PROJECT_VERSION = 1;
				DEBUG_INFORMATION_FORMAT = "dwarf-with-dsym";
				DYLIB_COMPATIBILITY_VERSION = 1;
				DYLIB_CURRENT_VERSION = 1;
				ENABLE_NS_ASSERTIONS = NO;
				ENABLE_STRICT_OBJC_MSGSEND = YES;
				GCC_C_LANGUAGE_STANDARD = gnu11;
				GCC_NO_COMMON_BLOCKS = YES;
				GCC_WARN_64_TO_32_BIT_CONVERSION = YES;
				GCC_WARN_ABOUT_RETURN_TYPE = YES_ERROR;
				GCC_WARN_UNDECLARED_SELECTOR = YES;
				GCC_WARN_UNINITIALIZED_AUTOS = YES_AGGRESSIVE;
				GCC_WARN_UNUSED_FUNCTION = YES;
				GCC_WARN_UNUSED_VARIABLE = YES;
				IPHONEOS_DEPLOYMENT_TARGET = 9.0;
				MARKETING_VERSION = 0.1;
				MTL_ENABLE_DEBUG_INFO = NO;
				SDKROOT = iphoneos;
				TARGETED_DEVICE_FAMILY = "1,2";
				VALIDATE_PRODUCT = YES;
			};
			name = "Release-static";
		};
		6F0C98DF2121E14600073AB6 /* Release-static */ = {
			isa = XCBuildConfiguration;
			buildSettings = {
				APPLICATION_EXTENSION_API_ONLY = YES;
				CLANG_ENABLE_CODE_COVERAGE = NO;
				CODE_SIGN_IDENTITY = "";
				CODE_SIGN_STYLE = Automatic;
				DEFINES_MODULE = YES;
				DYLIB_INSTALL_NAME_BASE = "@rpath";
				FRAMEWORK_SEARCH_PATHS = (
					"$(inherited)",
					"$(PROJECT_DIR)/Carthage/Build/iOS",
					"$(PROJECT_DIR)/Carthage/Build/iOS/Static",
				);
				INFOPLIST_FILE = Framework/Info.plist;
				INSTALL_PATH = "$(LOCAL_LIBRARY_DIR)/Frameworks";
				LD_RUNPATH_SEARCH_PATHS = (
					"$(inherited)",
					"@executable_path/Frameworks",
					"@loader_path/Frameworks",
				);
				MACH_O_TYPE = staticlib;
				PRODUCT_BUNDLE_IDENTIFIER = ch.srgssr.SRGIdentity;
				PRODUCT_NAME = "$(TARGET_NAME:c99extidentifier)";
				SKIP_INSTALL = YES;
				VERSIONING_SYSTEM = "apple-generic";
			};
			name = "Release-static";
		};
		6F0C98E02121E14600073AB6 /* Release-static */ = {
			isa = XCBuildConfiguration;
			buildSettings = {
				ASSETCATALOG_COMPILER_APPICON_NAME = AppIcon;
				CODE_SIGN_ENTITLEMENTS = Demo/CodeSigning.entitlements;
				CODE_SIGN_STYLE = Automatic;
				DEMO_NUMBER = 1;
				DEVELOPMENT_TEAM = VMGRRW6SG7;
				FRAMEWORK_SEARCH_PATHS = (
					"$(inherited)",
					"$(PROJECT_DIR)/Carthage/Build/iOS",
				);
				INFOPLIST_FILE = Demo/Info.plist;
				LD_RUNPATH_SEARCH_PATHS = (
					"$(inherited)",
					"@executable_path/Frameworks",
				);
				PRODUCT_BUNDLE_IDENTIFIER = "ch.srgssr.SRGIdentity-demo1";
				PRODUCT_NAME = "$(TARGET_NAME)";
			};
			name = "Release-static";
		};
		6F0C98E12121E14600073AB6 /* Release-static */ = {
			isa = XCBuildConfiguration;
			buildSettings = {
				CODE_SIGN_STYLE = Automatic;
				FRAMEWORK_SEARCH_PATHS = (
					"$(inherited)",
					"$(PROJECT_DIR)/Carthage/Build/iOS",
				);
				INFOPLIST_FILE = Tests/Info.plist;
				LD_RUNPATH_SEARCH_PATHS = (
					"$(inherited)",
					"@executable_path/Frameworks",
					"@loader_path/Frameworks",
				);
				PRODUCT_BUNDLE_IDENTIFIER = "ch.srgssr.SRGIdentity-tests";
				PRODUCT_NAME = "$(TARGET_NAME)";
			};
			name = "Release-static";
		};
		6F0C98EA2121E1C200073AB6 /* Debug */ = {
			isa = XCBuildConfiguration;
			buildSettings = {
				CODE_SIGN_IDENTITY = "-";
				CODE_SIGN_STYLE = Automatic;
				ENABLE_BITCODE = NO;
				INFOPLIST_FILE = Framework/Info.plist;
				INSTALL_PATH = "$(LOCAL_LIBRARY_DIR)/Bundles";
				PRODUCT_BUNDLE_IDENTIFIER = "ch.srgssr.SRGIdentity-resources";
				PRODUCT_NAME = SRGIdentity;
				SKIP_INSTALL = YES;
				WRAPPER_EXTENSION = bundle;
			};
			name = Debug;
		};
		6F0C98EB2121E1C200073AB6 /* Debug-static */ = {
			isa = XCBuildConfiguration;
			buildSettings = {
				CODE_SIGN_IDENTITY = "-";
				CODE_SIGN_STYLE = Automatic;
				ENABLE_BITCODE = NO;
				INFOPLIST_FILE = Framework/Info.plist;
				INSTALL_PATH = "$(LOCAL_LIBRARY_DIR)/Bundles";
				PRODUCT_BUNDLE_IDENTIFIER = "ch.srgssr.SRGIdentity-resources";
				PRODUCT_NAME = SRGIdentity;
				SKIP_INSTALL = YES;
				WRAPPER_EXTENSION = bundle;
			};
			name = "Debug-static";
		};
		6F0C98EC2121E1C200073AB6 /* Release */ = {
			isa = XCBuildConfiguration;
			buildSettings = {
				CODE_SIGN_IDENTITY = "-";
				CODE_SIGN_STYLE = Automatic;
				ENABLE_BITCODE = NO;
				INFOPLIST_FILE = Framework/Info.plist;
				INSTALL_PATH = "$(LOCAL_LIBRARY_DIR)/Bundles";
				PRODUCT_BUNDLE_IDENTIFIER = "ch.srgssr.SRGIdentity-resources";
				PRODUCT_NAME = SRGIdentity;
				SKIP_INSTALL = YES;
				WRAPPER_EXTENSION = bundle;
			};
			name = Release;
		};
		6F0C98ED2121E1C200073AB6 /* Release-static */ = {
			isa = XCBuildConfiguration;
			buildSettings = {
				CODE_SIGN_IDENTITY = "-";
				CODE_SIGN_STYLE = Automatic;
				ENABLE_BITCODE = NO;
				INFOPLIST_FILE = Framework/Info.plist;
				INSTALL_PATH = "$(LOCAL_LIBRARY_DIR)/Bundles";
				PRODUCT_BUNDLE_IDENTIFIER = "ch.srgssr.SRGIdentity-resources";
				PRODUCT_NAME = SRGIdentity;
				SKIP_INSTALL = YES;
				WRAPPER_EXTENSION = bundle;
			};
			name = "Release-static";
		};
		6F0EB53720FC7F58009C02CF /* Debug */ = {
			isa = XCBuildConfiguration;
			buildSettings = {
				ALWAYS_SEARCH_USER_PATHS = NO;
				CLANG_ANALYZER_LOCALIZABILITY_NONLOCALIZED = YES;
				CLANG_ANALYZER_NONNULL = YES;
				CLANG_ANALYZER_NUMBER_OBJECT_CONVERSION = YES_AGGRESSIVE;
				CLANG_CXX_LANGUAGE_STANDARD = "gnu++14";
				CLANG_CXX_LIBRARY = "libc++";
				CLANG_ENABLE_MODULES = YES;
				CLANG_ENABLE_OBJC_ARC = YES;
				CLANG_ENABLE_OBJC_WEAK = YES;
				CLANG_WARN_BLOCK_CAPTURE_AUTORELEASING = YES;
				CLANG_WARN_BOOL_CONVERSION = YES;
				CLANG_WARN_COMMA = YES;
				CLANG_WARN_CONSTANT_CONVERSION = YES;
				CLANG_WARN_DEPRECATED_OBJC_IMPLEMENTATIONS = YES;
				CLANG_WARN_DIRECT_OBJC_ISA_USAGE = YES_ERROR;
				CLANG_WARN_EMPTY_BODY = YES;
				CLANG_WARN_ENUM_CONVERSION = YES;
				CLANG_WARN_INFINITE_RECURSION = YES;
				CLANG_WARN_INT_CONVERSION = YES;
				CLANG_WARN_NON_LITERAL_NULL_CONVERSION = YES;
				CLANG_WARN_OBJC_IMPLICIT_RETAIN_SELF = YES;
				CLANG_WARN_OBJC_LITERAL_CONVERSION = YES;
				CLANG_WARN_OBJC_ROOT_CLASS = YES_ERROR;
				CLANG_WARN_RANGE_LOOP_ANALYSIS = YES;
				CLANG_WARN_STRICT_PROTOTYPES = YES;
				CLANG_WARN_SUSPICIOUS_MOVE = YES;
				CLANG_WARN_UNGUARDED_AVAILABILITY = YES_AGGRESSIVE;
				CLANG_WARN_UNREACHABLE_CODE = YES;
				CLANG_WARN__DUPLICATE_METHOD_MATCH = YES;
				CODE_SIGN_IDENTITY = "iPhone Developer";
				COPY_PHASE_STRIP = NO;
				CURRENT_PROJECT_VERSION = 1;
				DEBUG_INFORMATION_FORMAT = dwarf;
				DYLIB_COMPATIBILITY_VERSION = 1;
				DYLIB_CURRENT_VERSION = 1;
				ENABLE_STRICT_OBJC_MSGSEND = YES;
				ENABLE_TESTABILITY = YES;
				GCC_C_LANGUAGE_STANDARD = gnu11;
				GCC_DYNAMIC_NO_PIC = NO;
				GCC_NO_COMMON_BLOCKS = YES;
				GCC_OPTIMIZATION_LEVEL = 0;
				GCC_PREPROCESSOR_DEFINITIONS = (
					"DEBUG=1",
					"$(inherited)",
				);
				GCC_WARN_64_TO_32_BIT_CONVERSION = YES;
				GCC_WARN_ABOUT_RETURN_TYPE = YES_ERROR;
				GCC_WARN_UNDECLARED_SELECTOR = YES;
				GCC_WARN_UNINITIALIZED_AUTOS = YES_AGGRESSIVE;
				GCC_WARN_UNUSED_FUNCTION = YES;
				GCC_WARN_UNUSED_VARIABLE = YES;
				IPHONEOS_DEPLOYMENT_TARGET = 9.0;
				MARKETING_VERSION = 0.1;
				MTL_ENABLE_DEBUG_INFO = YES;
				ONLY_ACTIVE_ARCH = YES;
				SDKROOT = iphoneos;
				TARGETED_DEVICE_FAMILY = "1,2";
			};
			name = Debug;
		};
		6F0EB53820FC7F58009C02CF /* Release */ = {
			isa = XCBuildConfiguration;
			buildSettings = {
				ALWAYS_SEARCH_USER_PATHS = NO;
				CLANG_ANALYZER_LOCALIZABILITY_NONLOCALIZED = YES;
				CLANG_ANALYZER_NONNULL = YES;
				CLANG_ANALYZER_NUMBER_OBJECT_CONVERSION = YES_AGGRESSIVE;
				CLANG_CXX_LANGUAGE_STANDARD = "gnu++14";
				CLANG_CXX_LIBRARY = "libc++";
				CLANG_ENABLE_MODULES = YES;
				CLANG_ENABLE_OBJC_ARC = YES;
				CLANG_ENABLE_OBJC_WEAK = YES;
				CLANG_WARN_BLOCK_CAPTURE_AUTORELEASING = YES;
				CLANG_WARN_BOOL_CONVERSION = YES;
				CLANG_WARN_COMMA = YES;
				CLANG_WARN_CONSTANT_CONVERSION = YES;
				CLANG_WARN_DEPRECATED_OBJC_IMPLEMENTATIONS = YES;
				CLANG_WARN_DIRECT_OBJC_ISA_USAGE = YES_ERROR;
				CLANG_WARN_EMPTY_BODY = YES;
				CLANG_WARN_ENUM_CONVERSION = YES;
				CLANG_WARN_INFINITE_RECURSION = YES;
				CLANG_WARN_INT_CONVERSION = YES;
				CLANG_WARN_NON_LITERAL_NULL_CONVERSION = YES;
				CLANG_WARN_OBJC_IMPLICIT_RETAIN_SELF = YES;
				CLANG_WARN_OBJC_LITERAL_CONVERSION = YES;
				CLANG_WARN_OBJC_ROOT_CLASS = YES_ERROR;
				CLANG_WARN_RANGE_LOOP_ANALYSIS = YES;
				CLANG_WARN_STRICT_PROTOTYPES = YES;
				CLANG_WARN_SUSPICIOUS_MOVE = YES;
				CLANG_WARN_UNGUARDED_AVAILABILITY = YES_AGGRESSIVE;
				CLANG_WARN_UNREACHABLE_CODE = YES;
				CLANG_WARN__DUPLICATE_METHOD_MATCH = YES;
				CODE_SIGN_IDENTITY = "iPhone Developer";
				COPY_PHASE_STRIP = NO;
				CURRENT_PROJECT_VERSION = 1;
				DEBUG_INFORMATION_FORMAT = "dwarf-with-dsym";
				DYLIB_COMPATIBILITY_VERSION = 1;
				DYLIB_CURRENT_VERSION = 1;
				ENABLE_NS_ASSERTIONS = NO;
				ENABLE_STRICT_OBJC_MSGSEND = YES;
				GCC_C_LANGUAGE_STANDARD = gnu11;
				GCC_NO_COMMON_BLOCKS = YES;
				GCC_WARN_64_TO_32_BIT_CONVERSION = YES;
				GCC_WARN_ABOUT_RETURN_TYPE = YES_ERROR;
				GCC_WARN_UNDECLARED_SELECTOR = YES;
				GCC_WARN_UNINITIALIZED_AUTOS = YES_AGGRESSIVE;
				GCC_WARN_UNUSED_FUNCTION = YES;
				GCC_WARN_UNUSED_VARIABLE = YES;
				IPHONEOS_DEPLOYMENT_TARGET = 9.0;
				MARKETING_VERSION = 0.1;
				MTL_ENABLE_DEBUG_INFO = NO;
				SDKROOT = iphoneos;
				TARGETED_DEVICE_FAMILY = "1,2";
				VALIDATE_PRODUCT = YES;
			};
			name = Release;
		};
		6F0EB53A20FC7F58009C02CF /* Debug */ = {
			isa = XCBuildConfiguration;
			buildSettings = {
				APPLICATION_EXTENSION_API_ONLY = YES;
				CODE_SIGN_IDENTITY = "";
				CODE_SIGN_STYLE = Automatic;
				DEFINES_MODULE = YES;
				DYLIB_INSTALL_NAME_BASE = "@rpath";
				FRAMEWORK_SEARCH_PATHS = (
					"$(inherited)",
					"$(PROJECT_DIR)/Carthage/Build/iOS",
				);
				INFOPLIST_FILE = Framework/Info.plist;
				INSTALL_PATH = "$(LOCAL_LIBRARY_DIR)/Frameworks";
				LD_RUNPATH_SEARCH_PATHS = (
					"$(inherited)",
					"@executable_path/Frameworks",
					"@loader_path/Frameworks",
				);
				PRODUCT_BUNDLE_IDENTIFIER = ch.srgssr.SRGIdentity;
				PRODUCT_NAME = "$(TARGET_NAME:c99extidentifier)";
				SKIP_INSTALL = YES;
				VERSIONING_SYSTEM = "apple-generic";
			};
			name = Debug;
		};
		6F0EB53B20FC7F58009C02CF /* Release */ = {
			isa = XCBuildConfiguration;
			buildSettings = {
				APPLICATION_EXTENSION_API_ONLY = YES;
				CODE_SIGN_IDENTITY = "";
				CODE_SIGN_STYLE = Automatic;
				DEFINES_MODULE = YES;
				DYLIB_INSTALL_NAME_BASE = "@rpath";
				FRAMEWORK_SEARCH_PATHS = (
					"$(inherited)",
					"$(PROJECT_DIR)/Carthage/Build/iOS",
				);
				INFOPLIST_FILE = Framework/Info.plist;
				INSTALL_PATH = "$(LOCAL_LIBRARY_DIR)/Frameworks";
				LD_RUNPATH_SEARCH_PATHS = (
					"$(inherited)",
					"@executable_path/Frameworks",
					"@loader_path/Frameworks",
				);
				PRODUCT_BUNDLE_IDENTIFIER = ch.srgssr.SRGIdentity;
				PRODUCT_NAME = "$(TARGET_NAME:c99extidentifier)";
				SKIP_INSTALL = YES;
				VERSIONING_SYSTEM = "apple-generic";
			};
			name = Release;
		};
		6F8A93EC20FDCA0900AA6434 /* Debug */ = {
			isa = XCBuildConfiguration;
			buildSettings = {
				ASSETCATALOG_COMPILER_APPICON_NAME = AppIcon;
				CODE_SIGN_ENTITLEMENTS = Demo/CodeSigning.entitlements;
				CODE_SIGN_STYLE = Automatic;
				DEMO_NUMBER = 1;
				DEVELOPMENT_TEAM = VMGRRW6SG7;
				FRAMEWORK_SEARCH_PATHS = (
					"$(inherited)",
					"$(PROJECT_DIR)/Carthage/Build/iOS",
				);
				INFOPLIST_FILE = Demo/Info.plist;
				LD_RUNPATH_SEARCH_PATHS = (
					"$(inherited)",
					"@executable_path/Frameworks",
				);
				PRODUCT_BUNDLE_IDENTIFIER = "ch.srgssr.SRGIdentity-demo1";
				PRODUCT_NAME = "$(TARGET_NAME)";
			};
			name = Debug;
		};
		6F8A93ED20FDCA0900AA6434 /* Release */ = {
			isa = XCBuildConfiguration;
			buildSettings = {
				ASSETCATALOG_COMPILER_APPICON_NAME = AppIcon;
				CODE_SIGN_ENTITLEMENTS = Demo/CodeSigning.entitlements;
				CODE_SIGN_STYLE = Automatic;
				DEMO_NUMBER = 1;
				DEVELOPMENT_TEAM = VMGRRW6SG7;
				FRAMEWORK_SEARCH_PATHS = (
					"$(inherited)",
					"$(PROJECT_DIR)/Carthage/Build/iOS",
				);
				INFOPLIST_FILE = Demo/Info.plist;
				LD_RUNPATH_SEARCH_PATHS = (
					"$(inherited)",
					"@executable_path/Frameworks",
				);
				PRODUCT_BUNDLE_IDENTIFIER = "ch.srgssr.SRGIdentity-demo1";
				PRODUCT_NAME = "$(TARGET_NAME)";
			};
			name = Release;
		};
		6FB74D6F2101D4D200E2D365 /* Debug */ = {
			isa = XCBuildConfiguration;
			buildSettings = {
				CODE_SIGN_STYLE = Automatic;
				FRAMEWORK_SEARCH_PATHS = (
					"$(inherited)",
					"$(PROJECT_DIR)/Carthage/Build/iOS",
				);
				INFOPLIST_FILE = Tests/Info.plist;
				LD_RUNPATH_SEARCH_PATHS = (
					"$(inherited)",
					"@executable_path/Frameworks",
					"@loader_path/Frameworks",
				);
				PRODUCT_BUNDLE_IDENTIFIER = "ch.srgssr.SRGIdentity-tests";
				PRODUCT_NAME = "$(TARGET_NAME)";
			};
			name = Debug;
		};
		6FB74D702101D4D200E2D365 /* Release */ = {
			isa = XCBuildConfiguration;
			buildSettings = {
				CODE_SIGN_STYLE = Automatic;
				FRAMEWORK_SEARCH_PATHS = (
					"$(inherited)",
					"$(PROJECT_DIR)/Carthage/Build/iOS",
				);
				INFOPLIST_FILE = Tests/Info.plist;
				LD_RUNPATH_SEARCH_PATHS = (
					"$(inherited)",
					"@executable_path/Frameworks",
					"@loader_path/Frameworks",
				);
				PRODUCT_BUNDLE_IDENTIFIER = "ch.srgssr.SRGIdentity-tests";
				PRODUCT_NAME = "$(TARGET_NAME)";
			};
			name = Release;
		};
/* End XCBuildConfiguration section */

/* Begin XCConfigurationList section */
		086FB32E21380D1300DE4CF2 /* Build configuration list for PBXNativeTarget "SRGIdentity-demo2" */ = {
			isa = XCConfigurationList;
			buildConfigurations = (
				086FB32F21380D1300DE4CF2 /* Debug */,
				086FB33021380D1300DE4CF2 /* Debug-static */,
				086FB33121380D1300DE4CF2 /* Release */,
				086FB33221380D1300DE4CF2 /* Release-static */,
			);
			defaultConfigurationIsVisible = 0;
			defaultConfigurationName = Release;
		};
		6F0C98E92121E1C200073AB6 /* Build configuration list for PBXNativeTarget "SRGIdentity-resources" */ = {
			isa = XCConfigurationList;
			buildConfigurations = (
				6F0C98EA2121E1C200073AB6 /* Debug */,
				6F0C98EB2121E1C200073AB6 /* Debug-static */,
				6F0C98EC2121E1C200073AB6 /* Release */,
				6F0C98ED2121E1C200073AB6 /* Release-static */,
			);
			defaultConfigurationIsVisible = 0;
			defaultConfigurationName = Release;
		};
		6F0EB52B20FC7F58009C02CF /* Build configuration list for PBXProject "SRGIdentity" */ = {
			isa = XCConfigurationList;
			buildConfigurations = (
				6F0EB53720FC7F58009C02CF /* Debug */,
				6F0C98DA2121E14000073AB6 /* Debug-static */,
				6F0EB53820FC7F58009C02CF /* Release */,
				6F0C98DE2121E14600073AB6 /* Release-static */,
			);
			defaultConfigurationIsVisible = 0;
			defaultConfigurationName = Release;
		};
		6F0EB53920FC7F58009C02CF /* Build configuration list for PBXNativeTarget "SRGIdentity" */ = {
			isa = XCConfigurationList;
			buildConfigurations = (
				6F0EB53A20FC7F58009C02CF /* Debug */,
				6F0C98DB2121E14000073AB6 /* Debug-static */,
				6F0EB53B20FC7F58009C02CF /* Release */,
				6F0C98DF2121E14600073AB6 /* Release-static */,
			);
			defaultConfigurationIsVisible = 0;
			defaultConfigurationName = Release;
		};
		6F8A93EB20FDCA0900AA6434 /* Build configuration list for PBXNativeTarget "SRGIdentity-demo1" */ = {
			isa = XCConfigurationList;
			buildConfigurations = (
				6F8A93EC20FDCA0900AA6434 /* Debug */,
				6F0C98DC2121E14000073AB6 /* Debug-static */,
				6F8A93ED20FDCA0900AA6434 /* Release */,
				6F0C98E02121E14600073AB6 /* Release-static */,
			);
			defaultConfigurationIsVisible = 0;
			defaultConfigurationName = Release;
		};
		6FB74D712101D4D200E2D365 /* Build configuration list for PBXNativeTarget "SRGIdentity-tests" */ = {
			isa = XCConfigurationList;
			buildConfigurations = (
				6FB74D6F2101D4D200E2D365 /* Debug */,
				6F0C98DD2121E14000073AB6 /* Debug-static */,
				6FB74D702101D4D200E2D365 /* Release */,
				6F0C98E12121E14600073AB6 /* Release-static */,
			);
			defaultConfigurationIsVisible = 0;
			defaultConfigurationName = Release;
		};
/* End XCConfigurationList section */
	};
	rootObject = 6F0EB52820FC7F58009C02CF /* Project object */;
}
